
Microsoft Visual Studio Solution File, Format Version 12.00
# Visual Studio Version 16
VisualStudioVersion = 16.0.29613.14
MinimumVisualStudioVersion = 10.0.40219.1
Project("{FAE04EC0-301F-11D3-BF4B-00C04F79EFBC}") = "WccTc", "WccTc\WccTc.csproj", "{93AE0B37-C1A5-451C-82A8-A7FE2A00E621}"
EndProject
Project("{FAE04EC0-301F-11D3-BF4B-00C04F79EFBC}") = "WccTcDevConsole", "WccTcDevConsole\WccTcDevConsole.csproj", "{28AC1115-0EFC-445B-BB4E-9ABCCBCD211D}"
EndProject
Global
	GlobalSection(SolutionConfigurationPlatforms) = preSolution
		Debug|Any CPU = Debug|Any CPU
		Release|Any CPU = Release|Any CPU
	EndGlobalSection
	GlobalSection(ProjectConfigurationPlatforms) = postSolution
		{93AE0B37-C1A5-451C-82A8-A7FE2A00E621}.Debug|Any CPU.ActiveCfg = Debug|Any CPU
		{93AE0B37-C1A5-451C-82A8-A7FE2A00E621}.Debug|Any CPU.Build.0 = Debug|Any CPU
		{93AE0B37-C1A5-451C-82A8-A7FE2A00E621}.Release|Any CPU.ActiveCfg = Release|Any CPU
		{93AE0B37-C1A5-451C-82A8-A7FE2A00E621}.Release|Any CPU.Build.0 = Release|Any CPU
		{28AC1115-0EFC-445B-BB4E-9ABCCBCD211D}.Debug|Any CPU.ActiveCfg = Debug|Any CPU
		{28AC1115-0EFC-445B-BB4E-9ABCCBCD211D}.Debug|Any CPU.Build.0 = Debug|Any CPU
		{28AC1115-0EFC-445B-BB4E-9ABCCBCD211D}.Release|Any CPU.ActiveCfg = Release|Any CPU
		{28AC1115-0EFC-445B-BB4E-9ABCCBCD211D}.Release|Any CPU.Build.0 = Release|Any CPU
	EndGlobalSection
	GlobalSection(SolutionProperties) = preSolution
		HideSolutionNode = FALSE
	EndGlobalSection
	GlobalSection(ExtensibilityGlobals) = postSolution
		SolutionGuid = {E4821A15-DE9D-4A55-99BA-5096D85048E5}
	EndGlobalSection
EndGlobal
